
Microsoft Visual Studio Solution File, Format Version 12.00
# Visual Studio Version 16
VisualStudioVersion = 16.0.31702.278
MinimumVisualStudioVersion = 10.0.40219.1
Project("{FAE04EC0-301F-11D3-BF4B-00C04F79EFBC}") = "ConsoleApp2", "ConsoleApp2\ConsoleApp2.csproj", "{C2170698-D046-4DD0-8C61-F8E6BC35A14E}"
EndProject
Global
	GlobalSection(SolutionConfigurationPlatforms) = preSolution
		Debug|Any CPU = Debug|Any CPU
		Release|Any CPU = Release|Any CPU
	EndGlobalSection
	GlobalSection(ProjectConfigurationPlatforms) = postSolution
		{C2170698-D046-4DD0-8C61-F8E6BC35A14E}.Debug|Any CPU.ActiveCfg = Debug|Any CPU
		{C2170698-D046-4DD0-8C61-F8E6BC35A14E}.Debug|Any CPU.Build.0 = Debug|Any CPU
		{C2170698-D046-4DD0-8C61-F8E6BC35A14E}.Release|Any CPU.ActiveCfg = Release|Any CPU
		{C2170698-D046-4DD0-8C61-F8E6BC35A14E}.Release|Any CPU.Build.0 = Release|Any CPU
	EndGlobalSection
	GlobalSection(SolutionProperties) = preSolution
		HideSolutionNode = FALSE
	EndGlobalSection
	GlobalSection(ExtensibilityGlobals) = postSolution
		SolutionGuid = {69D477E0-BC30-4171-86CB-179E2061E450}
	EndGlobalSection
EndGlobal
