
Microsoft Visual Studio Solution File, Format Version 12.00
Project("{FAE04EC0-301F-11D3-BF4B-00C04F79EFBC}") = "DemoMulticastDelegate", "DemoMulticastDelegate\DemoMulticastDelegate.csproj", "{1D04B4AD-2EB8-46C3-B273-2A7C45A02DB6}"
EndProject
Global
	GlobalSection(SolutionConfigurationPlatforms) = preSolution
		Debug|Any CPU = Debug|Any CPU
		Release|Any CPU = Release|Any CPU
	EndGlobalSection
	GlobalSection(ProjectConfigurationPlatforms) = postSolution
		{1D04B4AD-2EB8-46C3-B273-2A7C45A02DB6}.Debug|Any CPU.ActiveCfg = Debug|Any CPU
		{1D04B4AD-2EB8-46C3-B273-2A7C45A02DB6}.Debug|Any CPU.Build.0 = Debug|Any CPU
		{1D04B4AD-2EB8-46C3-B273-2A7C45A02DB6}.Release|Any CPU.ActiveCfg = Release|Any CPU
		{1D04B4AD-2EB8-46C3-B273-2A7C45A02DB6}.Release|Any CPU.Build.0 = Release|Any CPU
	EndGlobalSection
EndGlobal
