
Microsoft Visual Studio Solution File, Format Version 12.00
# Visual Studio Version 16
VisualStudioVersion = 16.0.32106.194
MinimumVisualStudioVersion = 10.0.40219.1
Project("{FAE04EC0-301F-11D3-BF4B-00C04F79EFBC}") = "firstConnecting", "firstConnecting\firstConnecting.csproj", "{56F238D4-A80C-438C-8822-38416669F571}"
EndProject
Global
	GlobalSection(SolutionConfigurationPlatforms) = preSolution
		Debug|Any CPU = Debug|Any CPU
		Release|Any CPU = Release|Any CPU
	EndGlobalSection
	GlobalSection(ProjectConfigurationPlatforms) = postSolution
		{56F238D4-A80C-438C-8822-38416669F571}.Debug|Any CPU.ActiveCfg = Debug|Any CPU
		{56F238D4-A80C-438C-8822-38416669F571}.Debug|Any CPU.Build.0 = Debug|Any CPU
		{56F238D4-A80C-438C-8822-38416669F571}.Release|Any CPU.ActiveCfg = Release|Any CPU
		{56F238D4-A80C-438C-8822-38416669F571}.Release|Any CPU.Build.0 = Release|Any CPU
	EndGlobalSection
	GlobalSection(SolutionProperties) = preSolution
		HideSolutionNode = FALSE
	EndGlobalSection
	GlobalSection(ExtensibilityGlobals) = postSolution
		SolutionGuid = {685D14E3-34F9-45ED-B640-8C725C20A918}
	EndGlobalSection
EndGlobal
