
Microsoft Visual Studio Solution File, Format Version 12.00
# Visual Studio Version 17
VisualStudioVersion = 17.1.32210.238
MinimumVisualStudioVersion = 10.0.40219.1
Project("{888888A0-9F3D-457C-B088-3A5042F75D52}") = "calcConsole", "calcConsole\calcConsole.pyproj", "{139715D1-7571-44D0-9FAF-866F92EA6044}"
EndProject
Global
	GlobalSection(SolutionConfigurationPlatforms) = preSolution
		Debug|Any CPU = Debug|Any CPU
		Release|Any CPU = Release|Any CPU
	EndGlobalSection
	GlobalSection(ProjectConfigurationPlatforms) = postSolution
		{139715D1-7571-44D0-9FAF-866F92EA6044}.Debug|Any CPU.ActiveCfg = Debug|Any CPU
		{139715D1-7571-44D0-9FAF-866F92EA6044}.Release|Any CPU.ActiveCfg = Release|Any CPU
	EndGlobalSection
	GlobalSection(SolutionProperties) = preSolution
		HideSolutionNode = FALSE
	EndGlobalSection
	GlobalSection(ExtensibilityGlobals) = postSolution
		SolutionGuid = {C82FC7F8-3353-4F01-934D-E8B40CCB8AE3}
	EndGlobalSection
EndGlobal
