
Microsoft Visual Studio Solution File, Format Version 12.00
# Visual Studio Version 16
VisualStudioVersion = 16.0.31229.75
MinimumVisualStudioVersion = 10.0.40219.1
Project("{8BC9CEB8-8B4A-11D0-8D11-00A0C91BC942}") = "tenement_house", "tenement_house\tenement_house.vcxproj", "{E4C9B962-FE5F-4C9C-9652-DA4FDBFDF745}"
EndProject
Global
	GlobalSection(SolutionConfigurationPlatforms) = preSolution
		Debug|x64 = Debug|x64
		Debug|x86 = Debug|x86
		Release|x64 = Release|x64
		Release|x86 = Release|x86
	EndGlobalSection
	GlobalSection(ProjectConfigurationPlatforms) = postSolution
		{E4C9B962-FE5F-4C9C-9652-DA4FDBFDF745}.Debug|x64.ActiveCfg = Debug|x64
		{E4C9B962-FE5F-4C9C-9652-DA4FDBFDF745}.Debug|x64.Build.0 = Debug|x64
		{E4C9B962-FE5F-4C9C-9652-DA4FDBFDF745}.Debug|x86.ActiveCfg = Debug|Win32
		{E4C9B962-FE5F-4C9C-9652-DA4FDBFDF745}.Debug|x86.Build.0 = Debug|Win32
		{E4C9B962-FE5F-4C9C-9652-DA4FDBFDF745}.Release|x64.ActiveCfg = Release|x64
		{E4C9B962-FE5F-4C9C-9652-DA4FDBFDF745}.Release|x64.Build.0 = Release|x64
		{E4C9B962-FE5F-4C9C-9652-DA4FDBFDF745}.Release|x86.ActiveCfg = Release|Win32
		{E4C9B962-FE5F-4C9C-9652-DA4FDBFDF745}.Release|x86.Build.0 = Release|Win32
	EndGlobalSection
	GlobalSection(SolutionProperties) = preSolution
		HideSolutionNode = FALSE
	EndGlobalSection
	GlobalSection(ExtensibilityGlobals) = postSolution
		SolutionGuid = {AE93FEAE-4930-4618-9DFF-B4EB9AC9DC21}
	EndGlobalSection
EndGlobal
