
Microsoft Visual Studio Solution File, Format Version 12.00
# Visual Studio Version 17
VisualStudioVersion = 17.0.32126.317
MinimumVisualStudioVersion = 10.0.40219.1
Project("{9A19103F-16F7-4668-BE54-9A1E7A4F7556}") = "ModelsLibrary", "ModelsLibrary\ModelsLibrary.csproj", "{85EC6B92-DDCC-435E-A0D2-5C118C5817CE}"
EndProject
Project("{9A19103F-16F7-4668-BE54-9A1E7A4F7556}") = "DbContextLibrary", "DbContextLibrary\DbContextLibrary.csproj", "{5DA734AE-3936-4E0B-B3C4-54ADF5EBA02A}"
	ProjectSection(ProjectDependencies) = postProject
		{85EC6B92-DDCC-435E-A0D2-5C118C5817CE} = {85EC6B92-DDCC-435E-A0D2-5C118C5817CE}
	EndProjectSection
EndProject
Project("{FAE04EC0-301F-11D3-BF4B-00C04F79EFBC}") = "GameCenterWpfApp", "GameCenterWpfApp\GameCenterWpfApp.csproj", "{7C36EF34-6D3C-45C7-8E7F-5F465BE3EF4C}"
EndProject
Global
	GlobalSection(SolutionConfigurationPlatforms) = preSolution
		Debug|Any CPU = Debug|Any CPU
		Release|Any CPU = Release|Any CPU
	EndGlobalSection
	GlobalSection(ProjectConfigurationPlatforms) = postSolution
		{85EC6B92-DDCC-435E-A0D2-5C118C5817CE}.Debug|Any CPU.ActiveCfg = Debug|Any CPU
		{85EC6B92-DDCC-435E-A0D2-5C118C5817CE}.Debug|Any CPU.Build.0 = Debug|Any CPU
		{85EC6B92-DDCC-435E-A0D2-5C118C5817CE}.Release|Any CPU.ActiveCfg = Release|Any CPU
		{85EC6B92-DDCC-435E-A0D2-5C118C5817CE}.Release|Any CPU.Build.0 = Release|Any CPU
		{5DA734AE-3936-4E0B-B3C4-54ADF5EBA02A}.Debug|Any CPU.ActiveCfg = Debug|Any CPU
		{5DA734AE-3936-4E0B-B3C4-54ADF5EBA02A}.Debug|Any CPU.Build.0 = Debug|Any CPU
		{5DA734AE-3936-4E0B-B3C4-54ADF5EBA02A}.Release|Any CPU.ActiveCfg = Release|Any CPU
		{5DA734AE-3936-4E0B-B3C4-54ADF5EBA02A}.Release|Any CPU.Build.0 = Release|Any CPU
		{7C36EF34-6D3C-45C7-8E7F-5F465BE3EF4C}.Debug|Any CPU.ActiveCfg = Debug|Any CPU
		{7C36EF34-6D3C-45C7-8E7F-5F465BE3EF4C}.Debug|Any CPU.Build.0 = Debug|Any CPU
		{7C36EF34-6D3C-45C7-8E7F-5F465BE3EF4C}.Release|Any CPU.ActiveCfg = Release|Any CPU
		{7C36EF34-6D3C-45C7-8E7F-5F465BE3EF4C}.Release|Any CPU.Build.0 = Release|Any CPU
	EndGlobalSection
	GlobalSection(SolutionProperties) = preSolution
		HideSolutionNode = FALSE
	EndGlobalSection
	GlobalSection(ExtensibilityGlobals) = postSolution
		SolutionGuid = {C33A88B1-55BB-44C6-93DC-A25B869C4523}
	EndGlobalSection
EndGlobal
