
Microsoft Visual Studio Solution File, Format Version 12.00
# Visual Studio Version 17
VisualStudioVersion = 17.1.32210.238
MinimumVisualStudioVersion = 10.0.40219.1
Project("{FAE04EC0-301F-11D3-BF4B-00C04F79EFBC}") = "WebApplication1", "WebApplication1\WebApplication1.csproj", "{2C88ABEE-7F94-4AA2-B724-41FEA6A2B5BE}"
EndProject
Global
	GlobalSection(SolutionConfigurationPlatforms) = preSolution
		Debug|Any CPU = Debug|Any CPU
		Release|Any CPU = Release|Any CPU
	EndGlobalSection
	GlobalSection(ProjectConfigurationPlatforms) = postSolution
		{2C88ABEE-7F94-4AA2-B724-41FEA6A2B5BE}.Debug|Any CPU.ActiveCfg = Debug|Any CPU
		{2C88ABEE-7F94-4AA2-B724-41FEA6A2B5BE}.Debug|Any CPU.Build.0 = Debug|Any CPU
		{2C88ABEE-7F94-4AA2-B724-41FEA6A2B5BE}.Release|Any CPU.ActiveCfg = Release|Any CPU
		{2C88ABEE-7F94-4AA2-B724-41FEA6A2B5BE}.Release|Any CPU.Build.0 = Release|Any CPU
	EndGlobalSection
	GlobalSection(SolutionProperties) = preSolution
		HideSolutionNode = FALSE
	EndGlobalSection
	GlobalSection(ExtensibilityGlobals) = postSolution
		SolutionGuid = {A1B0BE34-4BFF-4D7B-87C8-5A4CEDDD051D}
	EndGlobalSection
EndGlobal
