
Microsoft Visual Studio Solution File, Format Version 12.00
# Visual Studio Version 16
VisualStudioVersion = 16.0.31729.503
MinimumVisualStudioVersion = 10.0.40219.1
Project("{FAE04EC0-301F-11D3-BF4B-00C04F79EFBC}") = "Fract_ls", "Fract_ls\Fract_ls.csproj", "{2A853220-4735-475F-9074-92AD57278683}"
EndProject
Global
	GlobalSection(SolutionConfigurationPlatforms) = preSolution
		Debug|Any CPU = Debug|Any CPU
		Release|Any CPU = Release|Any CPU
	EndGlobalSection
	GlobalSection(ProjectConfigurationPlatforms) = postSolution
		{2A853220-4735-475F-9074-92AD57278683}.Debug|Any CPU.ActiveCfg = Debug|Any CPU
		{2A853220-4735-475F-9074-92AD57278683}.Debug|Any CPU.Build.0 = Debug|Any CPU
		{2A853220-4735-475F-9074-92AD57278683}.Release|Any CPU.ActiveCfg = Release|Any CPU
		{2A853220-4735-475F-9074-92AD57278683}.Release|Any CPU.Build.0 = Release|Any CPU
	EndGlobalSection
	GlobalSection(SolutionProperties) = preSolution
		HideSolutionNode = FALSE
	EndGlobalSection
	GlobalSection(ExtensibilityGlobals) = postSolution
		SolutionGuid = {42CF74FB-1121-4391-B704-F5F9FD53367F}
	EndGlobalSection
EndGlobal
