
Microsoft Visual Studio Solution File, Format Version 12.00
# Visual Studio Version 16
VisualStudioVersion = 16.0.30611.23
MinimumVisualStudioVersion = 10.0.40219.1
Project("{8BC9CEB8-8B4A-11D0-8D11-00A0C91BC942}") = "super_matrics_tasks", "super_matrics_tasks\super_matrics_tasks.vcxproj", "{B9B973ED-62BF-4121-AE7D-624E2B399650}"
EndProject
Global
	GlobalSection(SolutionConfigurationPlatforms) = preSolution
		Debug|x64 = Debug|x64
		Debug|x86 = Debug|x86
		Release|x64 = Release|x64
		Release|x86 = Release|x86
	EndGlobalSection
	GlobalSection(ProjectConfigurationPlatforms) = postSolution
		{B9B973ED-62BF-4121-AE7D-624E2B399650}.Debug|x64.ActiveCfg = Debug|x64
		{B9B973ED-62BF-4121-AE7D-624E2B399650}.Debug|x64.Build.0 = Debug|x64
		{B9B973ED-62BF-4121-AE7D-624E2B399650}.Debug|x86.ActiveCfg = Debug|Win32
		{B9B973ED-62BF-4121-AE7D-624E2B399650}.Debug|x86.Build.0 = Debug|Win32
		{B9B973ED-62BF-4121-AE7D-624E2B399650}.Release|x64.ActiveCfg = Release|x64
		{B9B973ED-62BF-4121-AE7D-624E2B399650}.Release|x64.Build.0 = Release|x64
		{B9B973ED-62BF-4121-AE7D-624E2B399650}.Release|x86.ActiveCfg = Release|Win32
		{B9B973ED-62BF-4121-AE7D-624E2B399650}.Release|x86.Build.0 = Release|Win32
	EndGlobalSection
	GlobalSection(SolutionProperties) = preSolution
		HideSolutionNode = FALSE
	EndGlobalSection
	GlobalSection(ExtensibilityGlobals) = postSolution
		SolutionGuid = {6B97E54C-C02C-419E-B82B-53C529D70498}
	EndGlobalSection
EndGlobal
